
Microsoft Visual Studio Solution File, Format Version 12.00
# Visual Studio 15
VisualStudioVersion = 15.0.27428.2011
MinimumVisualStudioVersion = 10.0.40219.1
Project("{FAE04EC0-301F-11D3-BF4B-00C04F79EFBC}") = "JMUISearcher", "JMUISearcher\JMUISearcher.csproj", "{66621DDA-2E95-4A1F-A4B9-0487302DAAF1}"
EndProject
Global
	GlobalSection(SolutionConfigurationPlatforms) = preSolution
		Debug|Any CPU = Debug|Any CPU
		Release|Any CPU = Release|Any CPU
	EndGlobalSection
	GlobalSection(ProjectConfigurationPlatforms) = postSolution
		{66621DDA-2E95-4A1F-A4B9-0487302DAAF1}.Debug|Any CPU.ActiveCfg = Debug|Any CPU
		{66621DDA-2E95-4A1F-A4B9-0487302DAAF1}.Debug|Any CPU.Build.0 = Debug|Any CPU
		{66621DDA-2E95-4A1F-A4B9-0487302DAAF1}.Release|Any CPU.ActiveCfg = Release|Any CPU
		{66621DDA-2E95-4A1F-A4B9-0487302DAAF1}.Release|Any CPU.Build.0 = Release|Any CPU
	EndGlobalSection
	GlobalSection(SolutionProperties) = preSolution
		HideSolutionNode = FALSE
	EndGlobalSection
	GlobalSection(ExtensibilityGlobals) = postSolution
		SolutionGuid = {1FAACF96-AEFB-4662-BB64-C47DF0EBE9A9}
	EndGlobalSection
EndGlobal
